
Microsoft Visual Studio Solution File, Format Version 12.00
# Visual Studio Version 16
VisualStudioVersion = 16.0.30611.23
MinimumVisualStudioVersion = 10.0.40219.1
Project("{FAE04EC0-301F-11D3-BF4B-00C04F79EFBC}") = "MVC5Demo", "MVC5Demo\MVC5Demo.csproj", "{A17F4540-FAC2-496D-A364-5FC1DADA4AA8}"
EndProject
Global
	GlobalSection(SolutionConfigurationPlatforms) = preSolution
		Debug|Any CPU = Debug|Any CPU
		Release|Any CPU = Release|Any CPU
	EndGlobalSection
	GlobalSection(ProjectConfigurationPlatforms) = postSolution
		{A17F4540-FAC2-496D-A364-5FC1DADA4AA8}.Debug|Any CPU.ActiveCfg = Debug|Any CPU
		{A17F4540-FAC2-496D-A364-5FC1DADA4AA8}.Debug|Any CPU.Build.0 = Debug|Any CPU
		{A17F4540-FAC2-496D-A364-5FC1DADA4AA8}.Release|Any CPU.ActiveCfg = Release|Any CPU
		{A17F4540-FAC2-496D-A364-5FC1DADA4AA8}.Release|Any CPU.Build.0 = Release|Any CPU
	EndGlobalSection
	GlobalSection(SolutionProperties) = preSolution
		HideSolutionNode = FALSE
	EndGlobalSection
	GlobalSection(ExtensibilityGlobals) = postSolution
		SolutionGuid = {6A416E97-5BF0-479F-965C-4C21FA7C475A}
	EndGlobalSection
EndGlobal
